
Microsoft Visual Studio Solution File, Format Version 11.00
# Visual Studio 2010
Project("{FAE04EC0-301F-11D3-BF4B-00C04F79EFBC}") = "PlocyFlow", "PlocyFlow\PlocyFlow.csproj", "{57BA1575-CB44-48DE-A742-711B2CA1A7C9}"
EndProject
Project("{FAE04EC0-301F-11D3-BF4B-00C04F79EFBC}") = "PlocyFlow.DAL", "PlocyFlow.DAL\PlocyFlow.DAL.csproj", "{9F8057C1-4A89-4698-AA3C-528BE009DD12}"
EndProject
Project("{FAE04EC0-301F-11D3-BF4B-00C04F79EFBC}") = "PlocyFlow.Service", "PlocyFlow.Service\PlocyFlow.Service.csproj", "{B62A7AB0-2FB3-43E1-89A8-9C71CAC8B599}"
EndProject
Global
	GlobalSection(SolutionConfigurationPlatforms) = preSolution
		Debug|Any CPU = Debug|Any CPU
		Debug|Mixed Platforms = Debug|Mixed Platforms
		Debug|x86 = Debug|x86
		Release|Any CPU = Release|Any CPU
		Release|Mixed Platforms = Release|Mixed Platforms
		Release|x86 = Release|x86
	EndGlobalSection
	GlobalSection(ProjectConfigurationPlatforms) = postSolution
		{57BA1575-CB44-48DE-A742-711B2CA1A7C9}.Debug|Any CPU.ActiveCfg = Debug|Any CPU
		{57BA1575-CB44-48DE-A742-711B2CA1A7C9}.Debug|Any CPU.Build.0 = Debug|Any CPU
		{57BA1575-CB44-48DE-A742-711B2CA1A7C9}.Debug|Mixed Platforms.ActiveCfg = Debug|Any CPU
		{57BA1575-CB44-48DE-A742-711B2CA1A7C9}.Debug|Mixed Platforms.Build.0 = Debug|Any CPU
		{57BA1575-CB44-48DE-A742-711B2CA1A7C9}.Debug|x86.ActiveCfg = Debug|Any CPU
		{57BA1575-CB44-48DE-A742-711B2CA1A7C9}.Release|Any CPU.ActiveCfg = Release|Any CPU
		{57BA1575-CB44-48DE-A742-711B2CA1A7C9}.Release|Any CPU.Build.0 = Release|Any CPU
		{57BA1575-CB44-48DE-A742-711B2CA1A7C9}.Release|Mixed Platforms.ActiveCfg = Release|Any CPU
		{57BA1575-CB44-48DE-A742-711B2CA1A7C9}.Release|Mixed Platforms.Build.0 = Release|Any CPU
		{57BA1575-CB44-48DE-A742-711B2CA1A7C9}.Release|x86.ActiveCfg = Release|Any CPU
		{9F8057C1-4A89-4698-AA3C-528BE009DD12}.Debug|Any CPU.ActiveCfg = Debug|Any CPU
		{9F8057C1-4A89-4698-AA3C-528BE009DD12}.Debug|Any CPU.Build.0 = Debug|Any CPU
		{9F8057C1-4A89-4698-AA3C-528BE009DD12}.Debug|Mixed Platforms.ActiveCfg = Debug|Any CPU
		{9F8057C1-4A89-4698-AA3C-528BE009DD12}.Debug|Mixed Platforms.Build.0 = Debug|Any CPU
		{9F8057C1-4A89-4698-AA3C-528BE009DD12}.Debug|x86.ActiveCfg = Debug|Any CPU
		{9F8057C1-4A89-4698-AA3C-528BE009DD12}.Release|Any CPU.ActiveCfg = Release|Any CPU
		{9F8057C1-4A89-4698-AA3C-528BE009DD12}.Release|Any CPU.Build.0 = Release|Any CPU
		{9F8057C1-4A89-4698-AA3C-528BE009DD12}.Release|Mixed Platforms.ActiveCfg = Release|Any CPU
		{9F8057C1-4A89-4698-AA3C-528BE009DD12}.Release|Mixed Platforms.Build.0 = Release|Any CPU
		{9F8057C1-4A89-4698-AA3C-528BE009DD12}.Release|x86.ActiveCfg = Release|Any CPU
		{B62A7AB0-2FB3-43E1-89A8-9C71CAC8B599}.Debug|Any CPU.ActiveCfg = Debug|x86
		{B62A7AB0-2FB3-43E1-89A8-9C71CAC8B599}.Debug|Mixed Platforms.ActiveCfg = Debug|x86
		{B62A7AB0-2FB3-43E1-89A8-9C71CAC8B599}.Debug|Mixed Platforms.Build.0 = Debug|x86
		{B62A7AB0-2FB3-43E1-89A8-9C71CAC8B599}.Debug|x86.ActiveCfg = Debug|x86
		{B62A7AB0-2FB3-43E1-89A8-9C71CAC8B599}.Debug|x86.Build.0 = Debug|x86
		{B62A7AB0-2FB3-43E1-89A8-9C71CAC8B599}.Release|Any CPU.ActiveCfg = Release|x86
		{B62A7AB0-2FB3-43E1-89A8-9C71CAC8B599}.Release|Mixed Platforms.ActiveCfg = Release|x86
		{B62A7AB0-2FB3-43E1-89A8-9C71CAC8B599}.Release|Mixed Platforms.Build.0 = Release|x86
		{B62A7AB0-2FB3-43E1-89A8-9C71CAC8B599}.Release|x86.ActiveCfg = Release|x86
		{B62A7AB0-2FB3-43E1-89A8-9C71CAC8B599}.Release|x86.Build.0 = Release|x86
	EndGlobalSection
	GlobalSection(SolutionProperties) = preSolution
		HideSolutionNode = FALSE
	EndGlobalSection
EndGlobal
